
Microsoft Visual Studio Solution File, Format Version 12.00
# Visual Studio Version 17
VisualStudioVersion = 17.3.32929.385
MinimumVisualStudioVersion = 10.0.40219.1
Project("{FAE04EC0-301F-11D3-BF4B-00C04F79EFBC}") = "WorkHoursManager", "WorkHoursManager\WorkHoursManager.csproj", "{F980AE57-87D9-45D5-B048-B51210639FE6}"
EndProject
Global
	GlobalSection(SolutionConfigurationPlatforms) = preSolution
		Debug|Any CPU = Debug|Any CPU
		Release|Any CPU = Release|Any CPU
	EndGlobalSection
	GlobalSection(ProjectConfigurationPlatforms) = postSolution
		{F980AE57-87D9-45D5-B048-B51210639FE6}.Debug|Any CPU.ActiveCfg = Debug|Any CPU
		{F980AE57-87D9-45D5-B048-B51210639FE6}.Debug|Any CPU.Build.0 = Debug|Any CPU
		{F980AE57-87D9-45D5-B048-B51210639FE6}.Release|Any CPU.ActiveCfg = Release|Any CPU
		{F980AE57-87D9-45D5-B048-B51210639FE6}.Release|Any CPU.Build.0 = Release|Any CPU
	EndGlobalSection
	GlobalSection(SolutionProperties) = preSolution
		HideSolutionNode = FALSE
	EndGlobalSection
	GlobalSection(ExtensibilityGlobals) = postSolution
		SolutionGuid = {3FE98752-3BC6-42EC-8E30-5066FF3A84D5}
	EndGlobalSection
EndGlobal
